
Microsoft Visual Studio Solution File, Format Version 12.00
# Visual Studio 14
VisualStudioVersion = 14.0.25420.1
MinimumVisualStudioVersion = 10.0.40219.1
Project("{FAE04EC0-301F-11D3-BF4B-00C04F79EFBC}") = "VideoManager", "VideoManager\VideoManager.csproj", "{A0B6BFFA-8087-4A78-B2C0-073EE49C13A0}"
EndProject
Project("{FAE04EC0-301F-11D3-BF4B-00C04F79EFBC}") = "VideoManager.Tests", "VideoManager.Tests\VideoManager.Tests.csproj", "{53FFA9E9-9C55-410E-B288-39B1131D31D7}"
EndProject
Global
	GlobalSection(SolutionConfigurationPlatforms) = preSolution
		Debug|Any CPU = Debug|Any CPU
		Release|Any CPU = Release|Any CPU
	EndGlobalSection
	GlobalSection(ProjectConfigurationPlatforms) = postSolution
		{A0B6BFFA-8087-4A78-B2C0-073EE49C13A0}.Debug|Any CPU.ActiveCfg = Debug|Any CPU
		{A0B6BFFA-8087-4A78-B2C0-073EE49C13A0}.Debug|Any CPU.Build.0 = Debug|Any CPU
		{A0B6BFFA-8087-4A78-B2C0-073EE49C13A0}.Release|Any CPU.ActiveCfg = Release|Any CPU
		{A0B6BFFA-8087-4A78-B2C0-073EE49C13A0}.Release|Any CPU.Build.0 = Release|Any CPU
		{53FFA9E9-9C55-410E-B288-39B1131D31D7}.Debug|Any CPU.ActiveCfg = Debug|Any CPU
		{53FFA9E9-9C55-410E-B288-39B1131D31D7}.Debug|Any CPU.Build.0 = Debug|Any CPU
		{53FFA9E9-9C55-410E-B288-39B1131D31D7}.Release|Any CPU.ActiveCfg = Release|Any CPU
		{53FFA9E9-9C55-410E-B288-39B1131D31D7}.Release|Any CPU.Build.0 = Release|Any CPU
	EndGlobalSection
	GlobalSection(SolutionProperties) = preSolution
		HideSolutionNode = FALSE
	EndGlobalSection
EndGlobal
